// !$*UTF8*$!
{
	archiveVersion = 1;
	classes = {
	};
	objectVersion = 50;
	objects = {

/* Begin PBXBuildFile section */
		1E6E2428237C7CA000E8B782 /* AppDelegate.swift in Sources */ = {isa = PBXBuildFile; fileRef = 1E6E2427237C7CA000E8B782 /* AppDelegate.swift */; };
		1E6E242A237C7CA000E8B782 /* ViewController.swift in Sources */ = {isa = PBXBuildFile; fileRef = 1E6E2429237C7CA000E8B782 /* ViewController.swift */; };
		1E6E242D237C7CA000E8B782 /* Main.storyboard in Resources */ = {isa = PBXBuildFile; fileRef = 1E6E242B237C7CA000E8B782 /* Main.storyboard */; };
		1E6E2430237C7CA000E8B782 /* DiceGameMidterm.xcdatamodeld in Sources */ = {isa = PBXBuildFile; fileRef = 1E6E242E237C7CA000E8B782 /* DiceGameMidterm.xcdatamodeld */; };
		1E6E2432237C7CA100E8B782 /* Assets.xcassets in Resources */ = {isa = PBXBuildFile; fileRef = 1E6E2431237C7CA100E8B782 /* Assets.xcassets */; };
		1E6E2435237C7CA200E8B782 /* LaunchScreen.storyboard in Resources */ = {isa = PBXBuildFile; fileRef = 1E6E2433237C7CA200E8B782 /* LaunchScreen.storyboard */; };
		1E6E2440237C7E8B00E8B782 /* SlotGame.swift in Sources */ = {isa = PBXBuildFile; fileRef = 1E6E243F237C7E8B00E8B782 /* SlotGame.swift */; };
		1E6E2442237C7E9A00E8B782 /* Dice.swift in Sources */ = {isa = PBXBuildFile; fileRef = 1E6E2441237C7E9A00E8B782 /* Dice.swift */; };
		1E6E2444237C82BF00E8B782 /* DiceView.swift in Sources */ = {isa = PBXBuildFile; fileRef = 1E6E2443237C82BE00E8B782 /* DiceView.swift */; };
		1E6E2448237E03B800E8B782 /* DiceContainerView.swift in Sources */ = {isa = PBXBuildFile; fileRef = 1E6E2447237E03B800E8B782 /* DiceContainerView.swift */; };
/* End PBXBuildFile section */

/* Begin PBXFileReference section */
		1E6E2424237C7CA000E8B782 /* DiceGameMidterm.app */ = {isa = PBXFileReference; explicitFileType = wrapper.application; includeInIndex = 0; path = DiceGameMidterm.app; sourceTree = BUILT_PRODUCTS_DIR; };
		1E6E2427237C7CA000E8B782 /* AppDelegate.swift */ = {isa = PBXFileReference; lastKnownFileType = sourcecode.swift; path = AppDelegate.swift; sourceTree = "<group>"; };
		1E6E2429237C7CA000E8B782 /* ViewController.swift */ = {isa = PBXFileReference; lastKnownFileType = sourcecode.swift; path = ViewController.swift; sourceTree = "<group>"; };
		1E6E242C237C7CA000E8B782 /* Base */ = {isa = PBXFileReference; lastKnownFileType = file.storyboard; name = Base; path = Base.lproj/Main.storyboard; sourceTree = "<group>"; };
		1E6E242F237C7CA000E8B782 /* DiceGameMidterm.xcdatamodel */ = {isa = PBXFileReference; lastKnownFileType = wrapper.xcdatamodel; path = DiceGameMidterm.xcdatamodel; sourceTree = "<group>"; };
		1E6E2431237C7CA100E8B782 /* Assets.xcassets */ = {isa = PBXFileReference; lastKnownFileType = folder.assetcatalog; path = Assets.xcassets; sourceTree = "<group>"; };
		1E6E2434237C7CA200E8B782 /* Base */ = {isa = PBXFileReference; lastKnownFileType = file.storyboard; name = Base; path = Base.lproj/LaunchScreen.storyboard; sourceTree = "<group>"; };
		1E6E2436237C7CA200E8B782 /* Info.plist */ = {isa = PBXFileReference; lastKnownFileType = text.plist.xml; path = Info.plist; sourceTree = "<group>"; };
		1E6E243F237C7E8B00E8B782 /* SlotGame.swift */ = {isa = PBXFileReference; lastKnownFileType = sourcecode.swift; path = SlotGame.swift; sourceTree = "<group>"; };
		1E6E2441237C7E9A00E8B782 /* Dice.swift */ = {isa = PBXFileReference; lastKnownFileType = sourcecode.swift; path = Dice.swift; sourceTree = "<group>"; };
		1E6E2443237C82BE00E8B782 /* DiceView.swift */ = {isa = PBXFileReference; lastKnownFileType = sourcecode.swift; path = DiceView.swift; sourceTree = "<group>"; };
		1E6E2447237E03B800E8B782 /* DiceContainerView.swift */ = {isa = PBXFileReference; lastKnownFileType = sourcecode.swift; path = DiceContainerView.swift; sourceTree = "<group>"; };
/* End PBXFileReference section */

/* Begin PBXFrameworksBuildPhase section */
		1E6E2421237C7CA000E8B782 /* Frameworks */ = {
			isa = PBXFrameworksBuildPhase;
			buildActionMask = 2147483647;
			files = (
			);
			runOnlyForDeploymentPostprocessing = 0;
		};
/* End PBXFrameworksBuildPhase section */

/* Begin PBXGroup section */
		1E6E241B237C7CA000E8B782 = {
			isa = PBXGroup;
			children = (
				1E6E2426237C7CA000E8B782 /* DiceGameMidterm */,
				1E6E2425237C7CA000E8B782 /* Products */,
			);
			sourceTree = "<group>";
		};
		1E6E2425237C7CA000E8B782 /* Products */ = {
			isa = PBXGroup;
			children = (
				1E6E2424237C7CA000E8B782 /* DiceGameMidterm.app */,
			);
			name = Products;
			sourceTree = "<group>";
		};
		1E6E2426237C7CA000E8B782 /* DiceGameMidterm */ = {
			isa = PBXGroup;
			children = (
				1E6E243E237C7CCF00E8B782 /* Model */,
				1E6E243C237C7CBD00E8B782 /* View */,
				1E6E243D237C7CC300E8B782 /* Controller */,
				1E6E2427237C7CA000E8B782 /* AppDelegate.swift */,
				1E6E242B237C7CA000E8B782 /* Main.storyboard */,
				1E6E2431237C7CA100E8B782 /* Assets.xcassets */,
				1E6E2433237C7CA200E8B782 /* LaunchScreen.storyboard */,
				1E6E2436237C7CA200E8B782 /* Info.plist */,
				1E6E242E237C7CA000E8B782 /* DiceGameMidterm.xcdatamodeld */,
			);
			path = DiceGameMidterm;
			sourceTree = "<group>";
		};
		1E6E243C237C7CBD00E8B782 /* View */ = {
			isa = PBXGroup;
			children = (
				1E6E2443237C82BE00E8B782 /* DiceView.swift */,
				1E6E2447237E03B800E8B782 /* DiceContainerView.swift */,
			);
			path = View;
			sourceTree = "<group>";
		};
		1E6E243D237C7CC300E8B782 /* Controller */ = {
			isa = PBXGroup;
			children = (
				1E6E2429237C7CA000E8B782 /* ViewController.swift */,
			);
			path = Controller;
			sourceTree = "<group>";
		};
		1E6E243E237C7CCF00E8B782 /* Model */ = {
			isa = PBXGroup;
			children = (
				1E6E243F237C7E8B00E8B782 /* SlotGame.swift */,
				1E6E2441237C7E9A00E8B782 /* Dice.swift */,
			);
			path = Model;
			sourceTree = "<group>";
		};
/* End PBXGroup section */

/* Begin PBXNativeTarget section */
		1E6E2423237C7CA000E8B782 /* DiceGameMidterm */ = {
			isa = PBXNativeTarget;
			buildConfigurationList = 1E6E2439237C7CA200E8B782 /* Build configuration list for PBXNativeTarget "DiceGameMidterm" */;
			buildPhases = (
				1E6E2420237C7CA000E8B782 /* Sources */,
				1E6E2421237C7CA000E8B782 /* Frameworks */,
				1E6E2422237C7CA000E8B782 /* Resources */,
			);
			buildRules = (
			);
			dependencies = (
			);
			name = DiceGameMidterm;
			productName = DiceGameMidterm;
			productReference = 1E6E2424237C7CA000E8B782 /* DiceGameMidterm.app */;
			productType = "com.apple.product-type.application";
		};
/* End PBXNativeTarget section */

/* Begin PBXProject section */
		1E6E241C237C7CA000E8B782 /* Project object */ = {
			isa = PBXProject;
			attributes = {
				LastSwiftUpdateCheck = 1020;
				LastUpgradeCheck = 1020;
				ORGANIZATIONNAME = "Sabri Sönmez";
				TargetAttributes = {
					1E6E2423237C7CA000E8B782 = {
						CreatedOnToolsVersion = 10.2.1;
					};
				};
			};
			buildConfigurationList = 1E6E241F237C7CA000E8B782 /* Build configuration list for PBXProject "DiceGameMidterm" */;
			compatibilityVersion = "Xcode 9.3";
			developmentRegion = en;
			hasScannedForEncodings = 0;
			knownRegions = (
				en,
				Base,
			);
			mainGroup = 1E6E241B237C7CA000E8B782;
			productRefGroup = 1E6E2425237C7CA000E8B782 /* Products */;
			projectDirPath = "";
			projectRoot = "";
			targets = (
				1E6E2423237C7CA000E8B782 /* DiceGameMidterm */,
			);
		};
/* End PBXProject section */

/* Begin PBXResourcesBuildPhase section */
		1E6E2422237C7CA000E8B782 /* Resources */ = {
			isa = PBXResourcesBuildPhase;
			buildActionMask = 2147483647;
			files = (
				1E6E2435237C7CA200E8B782 /* LaunchScreen.storyboard in Resources */,
				1E6E2432237C7CA100E8B782 /* Assets.xcassets in Resources */,
				1E6E242D237C7CA000E8B782 /* Main.storyboard in Resources */,
			);
			runOnlyForDeploymentPostprocessing = 0;
		};
/* End PBXResourcesBuildPhase section */

/* Begin PBXSourcesBuildPhase section */
		1E6E2420237C7CA000E8B782 /* Sources */ = {
			isa = PBXSourcesBuildPhase;
			buildActionMask = 2147483647;
			files = (
				1E6E242A237C7CA000E8B782 /* ViewController.swift in Sources */,
				1E6E2444237C82BF00E8B782 /* DiceView.swift in Sources */,
				1E6E2440237C7E8B00E8B782 /* SlotGame.swift in Sources */,
				1E6E2442237C7E9A00E8B782 /* Dice.swift in Sources */,
				1E6E2428237C7CA000E8B782 /* AppDelegate.swift in Sources */,
				1E6E2430237C7CA000E8B782 /* DiceGameMidterm.xcdatamodeld in Sources */,
				1E6E2448237E03B800E8B782 /* DiceContainerView.swift in Sources */,
			);
			runOnlyForDeploymentPostprocessing = 0;
		};
/* End PBXSourcesBuildPhase section */

/* Begin PBXVariantGroup section */
		1E6E242B237C7CA000E8B782 /* Main.storyboard */ = {
			isa = PBXVariantGroup;
			children = (
				1E6E242C237C7CA000E8B782 /* Base */,
			);
			name = Main.storyboard;
			sourceTree = "<group>";
		};
		1E6E2433237C7CA200E8B782 /* LaunchScreen.storyboard */ = {
			isa = PBXVariantGroup;
			children = (
				1E6E2434237C7CA200E8B782 /* Base */,
			);
			name = LaunchScreen.storyboard;
			sourceTree = "<group>";
		};
/* End PBXVariantGroup section */

/* Begin XCBuildConfiguration section */
		1E6E2437237C7CA200E8B782 /* Debug */ = {
			isa = XCBuildConfiguration;
			buildSettings = {
				ALWAYS_SEARCH_USER_PATHS = NO;
				CLANG_ANALYZER_NONNULL = YES;
				CLANG_ANALYZER_NUMBER_OBJECT_CONVERSION = YES_AGGRESSIVE;
				CLANG_CXX_LANGUAGE_STANDARD = "gnu++14";
				CLANG_CXX_LIBRARY = "libc++";
				CLANG_ENABLE_MODULES = YES;
				CLANG_ENABLE_OBJC_ARC = YES;
				CLANG_ENABLE_OBJC_WEAK = YES;
				CLANG_WARN_BLOCK_CAPTURE_AUTORELEASING = YES;
				CLANG_WARN_BOOL_CONVERSION = YES;
				CLANG_WARN_COMMA = YES;
				CLANG_WARN_CONSTANT_CONVERSION = YES;
				CLANG_WARN_DEPRECATED_OBJC_IMPLEMENTATIONS = YES;
				CLANG_WARN_DIRECT_OBJC_ISA_USAGE = YES_ERROR;
				CLANG_WARN_DOCUMENTATION_COMMENTS = YES;
				CLANG_WARN_EMPTY_BODY = YES;
				CLANG_WARN_ENUM_CONVERSION = YES;
				CLANG_WARN_INFINITE_RECURSION = YES;
				CLANG_WARN_INT_CONVERSION = YES;
				CLANG_WARN_NON_LITERAL_NULL_CONVERSION = YES;
				CLANG_WARN_OBJC_IMPLICIT_RETAIN_SELF = YES;
				CLANG_WARN_OBJC_LITERAL_CONVERSION = YES;
				CLANG_WARN_OBJC_ROOT_CLASS = YES_ERROR;
				CLANG_WARN_RANGE_LOOP_ANALYSIS = YES;
				CLANG_WARN_STRICT_PROTOTYPES = YES;
				CLANG_WARN_SUSPICIOUS_MOVE = YES;
				CLANG_WARN_UNGUARDED_AVAILABILITY = YES_AGGRESSIVE;
				CLANG_WARN_UNREACHABLE_CODE = YES;
				CLANG_WARN__DUPLICATE_METHOD_MATCH = YES;
				CODE_SIGN_IDENTITY = "iPhone Developer";
				COPY_PHASE_STRIP = NO;
				DEBUG_INFORMATION_FORMAT = dwarf;
				ENABLE_STRICT_OBJC_MSGSEND = YES;
				ENABLE_TESTABILITY = YES;
				GCC_C_LANGUAGE_STANDARD = gnu11;
				GCC_DYNAMIC_NO_PIC = NO;
				GCC_NO_COMMON_BLOCKS = YES;
				GCC_OPTIMIZATION_LEVEL = 0;
				GCC_PREPROCESSOR_DEFINITIONS = (
					"DEBUG=1",
					"$(inherited)",
				);
				GCC_WARN_64_TO_32_BIT_CONVERSION = YES;
				GCC_WARN_ABOUT_RETURN_TYPE = YES_ERROR;
				GCC_WARN_UNDECLARED_SELECTOR = YES;
				GCC_WARN_UNINITIALIZED_AUTOS = YES_AGGRESSIVE;
				GCC_WARN_UNUSED_FUNCTION = YES;
				GCC_WARN_UNUSED_VARIABLE = YES;
				IPHONEOS_DEPLOYMENT_TARGET = 12.2;
				MTL_ENABLE_DEBUG_INFO = INCLUDE_SOURCE;
				MTL_FAST_MATH = YES;
				ONLY_ACTIVE_ARCH = YES;
				SDKROOT = iphoneos;
				SWIFT_ACTIVE_COMPILATION_CONDITIONS = DEBUG;
				SWIFT_OPTIMIZATION_LEVEL = "-Onone";
			};
			name = Debug;
		};
		1E6E2438237C7CA200E8B782 /* Release */ = {
			isa = XCBuildConfiguration;
			buildSettings = {
				ALWAYS_SEARCH_USER_PATHS = NO;
				CLANG_ANALYZER_NONNULL = YES;
				CLANG_ANALYZER_NUMBER_OBJECT_CONVERSION = YES_AGGRESSIVE;
				CLANG_CXX_LANGUAGE_STANDARD = "gnu++14";
				CLANG_CXX_LIBRARY = "libc++";
				CLANG_ENABLE_MODULES = YES;
				CLANG_ENABLE_OBJC_ARC = YES;
				CLANG_ENABLE_OBJC_WEAK = YES;
				CLANG_WARN_BLOCK_CAPTURE_AUTORELEASING = YES;
				CLANG_WARN_BOOL_CONVERSION = YES;
				CLANG_WARN_COMMA = YES;
				CLANG_WARN_CONSTANT_CONVERSION = YES;
				CLANG_WARN_DEPRECATED_OBJC_IMPLEMENTATIONS = YES;
				CLANG_WARN_DIRECT_OBJC_ISA_USAGE = YES_ERROR;
				CLANG_WARN_DOCUMENTATION_COMMENTS = YES;
				CLANG_WARN_EMPTY_BODY = YES;
				CLANG_WARN_ENUM_CONVERSION = YES;
				CLANG_WARN_INFINITE_RECURSION = YES;
				CLANG_WARN_INT_CONVERSION = YES;
				CLANG_WARN_NON_LITERAL_NULL_CONVERSION = YES;
				CLANG_WARN_OBJC_IMPLICIT_RETAIN_SELF = YES;
				CLANG_WARN_OBJC_LITERAL_CONVERSION = YES;
				CLANG_WARN_OBJC_ROOT_CLASS = YES_ERROR;
				CLANG_WARN_RANGE_LOOP_ANALYSIS = YES;
				CLANG_WARN_STRICT_PROTOTYPES = YES;
				CLANG_WARN_SUSPICIOUS_MOVE = YES;
				CLANG_WARN_UNGUARDED_AVAILABILITY = YES_AGGRESSIVE;
				CLANG_WARN_UNREACHABLE_CODE = YES;
				CLANG_WARN__DUPLICATE_METHOD_MATCH = YES;
				CODE_SIGN_IDENTITY = "iPhone Developer";
				COPY_PHASE_STRIP = NO;
				DEBUG_INFORMATION_FORMAT = "dwarf-with-dsym";
				ENABLE_NS_ASSERTIONS = NO;
				ENABLE_STRICT_OBJC_MSGSEND = YES;
				GCC_C_LANGUAGE_STANDARD = gnu11;
				GCC_NO_COMMON_BLOCKS = YES;
				GCC_WARN_64_TO_32_BIT_CONVERSION = YES;
				GCC_WARN_ABOUT_RETURN_TYPE = YES_ERROR;
				GCC_WARN_UNDECLARED_SELECTOR = YES;
				GCC_WARN_UNINITIALIZED_AUTOS = YES_AGGRESSIVE;
				GCC_WARN_UNUSED_FUNCTION = YES;
				GCC_WARN_UNUSED_VARIABLE = YES;
				IPHONEOS_DEPLOYMENT_TARGET = 12.2;
				MTL_ENABLE_DEBUG_INFO = NO;
				MTL_FAST_MATH = YES;
				SDKROOT = iphoneos;
				SWIFT_COMPILATION_MODE = wholemodule;
				SWIFT_OPTIMIZATION_LEVEL = "-O";
				VALIDATE_PRODUCT = YES;
			};
			name = Release;
		};
		1E6E243A237C7CA200E8B782 /* Debug */ = {
			isa = XCBuildConfiguration;
			buildSettings = {
				ASSETCATALOG_COMPILER_APPICON_NAME = AppIcon;
				CODE_SIGN_STYLE = Automatic;
				DEVELOPMENT_TEAM = R7DR32825H;
				INFOPLIST_FILE = DiceGameMidterm/Info.plist;
				LD_RUNPATH_SEARCH_PATHS = (
					"$(inherited)",
					"@executable_path/Frameworks",
				);
				PRODUCT_BUNDLE_IDENTIFIER = sabri.DiceGameMidterm;
				PRODUCT_NAME = "$(TARGET_NAME)";
				SWIFT_VERSION = 5.0;
				TARGETED_DEVICE_FAMILY = "1,2";
			};
			name = Debug;
		};
		1E6E243B237C7CA200E8B782 /* Release */ = {
			isa = XCBuildConfiguration;
			buildSettings = {
				ASSETCATALOG_COMPILER_APPICON_NAME = AppIcon;
				CODE_SIGN_STYLE = Automatic;
				DEVELOPMENT_TEAM = R7DR32825H;
				INFOPLIST_FILE = DiceGameMidterm/Info.plist;
				LD_RUNPATH_SEARCH_PATHS = (
					"$(inherited)",
					"@executable_path/Frameworks",
				);
				PRODUCT_BUNDLE_IDENTIFIER = sabri.DiceGameMidterm;
				PRODUCT_NAME = "$(TARGET_NAME)";
				SWIFT_VERSION = 5.0;
				TARGETED_DEVICE_FAMILY = "1,2";
			};
			name = Release;
		};
/* End XCBuildConfiguration section */

/* Begin XCConfigurationList section */
		1E6E241F237C7CA000E8B782 /* Build configuration list for PBXProject "DiceGameMidterm" */ = {
			isa = XCConfigurationList;
			buildConfigurations = (
				1E6E2437237C7CA200E8B782 /* Debug */,
				1E6E2438237C7CA200E8B782 /* Release */,
			);
			defaultConfigurationIsVisible = 0;
			defaultConfigurationName = Release;
		};
		1E6E2439237C7CA200E8B782 /* Build configuration list for PBXNativeTarget "DiceGameMidterm" */ = {
			isa = XCConfigurationList;
			buildConfigurations = (
				1E6E243A237C7CA200E8B782 /* Debug */,
				1E6E243B237C7CA200E8B782 /* Release */,
			);
			defaultConfigurationIsVisible = 0;
			defaultConfigurationName = Release;
		};
/* End XCConfigurationList section */

/* Begin XCVersionGroup section */
		1E6E242E237C7CA000E8B782 /* DiceGameMidterm.xcdatamodeld */ = {
			isa = XCVersionGroup;
			children = (
				1E6E242F237C7CA000E8B782 /* DiceGameMidterm.xcdatamodel */,
			);
			currentVersion = 1E6E242F237C7CA000E8B782 /* DiceGameMidterm.xcdatamodel */;
			path = DiceGameMidterm.xcdatamodeld;
			sourceTree = "<group>";
			versionGroupType = wrapper.xcdatamodel;
		};
/* End XCVersionGroup section */
	};
	rootObject = 1E6E241C237C7CA000E8B782 /* Project object */;
}
